
Microsoft Visual Studio Solution File, Format Version 12.00
# Visual Studio Version 17
VisualStudioVersion = 17.6.33815.320
MinimumVisualStudioVersion = 10.0.40219.1
Project("{9A19103F-16F7-4668-BE54-9A1E7A4F7556}") = "PdfToHtml", "PdfToHtml.csproj", "{F4C6D346-019A-41FE-99A2-55DBF8200AFE}"
EndProject
Global
	GlobalSection(SolutionConfigurationPlatforms) = preSolution
		Debug|Any CPU = Debug|Any CPU
		Release|Any CPU = Release|Any CPU
	EndGlobalSection
	GlobalSection(ProjectConfigurationPlatforms) = postSolution
		{F4C6D346-019A-41FE-99A2-55DBF8200AFE}.Debug|Any CPU.ActiveCfg = Debug|Any CPU
		{F4C6D346-019A-41FE-99A2-55DBF8200AFE}.Debug|Any CPU.Build.0 = Debug|Any CPU
		{F4C6D346-019A-41FE-99A2-55DBF8200AFE}.Release|Any CPU.ActiveCfg = Release|Any CPU
		{F4C6D346-019A-41FE-99A2-55DBF8200AFE}.Release|Any CPU.Build.0 = Release|Any CPU
	EndGlobalSection
	GlobalSection(SolutionProperties) = preSolution
		HideSolutionNode = FALSE
	EndGlobalSection
	GlobalSection(ExtensibilityGlobals) = postSolution
		SolutionGuid = {F9DFD1F0-515B-4DEA-8C31-95A920659F8E}
	EndGlobalSection
EndGlobal
